
Microsoft Visual Studio Solution File, Format Version 12.00
# Visual Studio Version 17
VisualStudioVersion = 17.3.32804.467
MinimumVisualStudioVersion = 10.0.40219.1
Project("{FAE04EC0-301F-11D3-BF4B-00C04F79EFBC}") = "october12", "october12\october12.csproj", "{4DE5ADAA-0060-4C2E-A618-1297C96D8C44}"
EndProject
Global
	GlobalSection(SolutionConfigurationPlatforms) = preSolution
		Debug|Any CPU = Debug|Any CPU
		Release|Any CPU = Release|Any CPU
	EndGlobalSection
	GlobalSection(ProjectConfigurationPlatforms) = postSolution
		{4DE5ADAA-0060-4C2E-A618-1297C96D8C44}.Debug|Any CPU.ActiveCfg = Debug|Any CPU
		{4DE5ADAA-0060-4C2E-A618-1297C96D8C44}.Debug|Any CPU.Build.0 = Debug|Any CPU
		{4DE5ADAA-0060-4C2E-A618-1297C96D8C44}.Release|Any CPU.ActiveCfg = Release|Any CPU
		{4DE5ADAA-0060-4C2E-A618-1297C96D8C44}.Release|Any CPU.Build.0 = Release|Any CPU
	EndGlobalSection
	GlobalSection(SolutionProperties) = preSolution
		HideSolutionNode = FALSE
	EndGlobalSection
	GlobalSection(ExtensibilityGlobals) = postSolution
		SolutionGuid = {488042EB-487A-4B6E-8BF3-B8C1B1D2C3F5}
	EndGlobalSection
EndGlobal
